// !$*UTF8*$!
{
	archiveVersion = 1;
	classes = {
	};
	objectVersion = 56;
	objects = {

/* Begin PBXBuildFile section */
		0B3E68CC28FCEB7800A18E13 /* AppDelegate.swift in Sources */ = {isa = PBXBuildFile; fileRef = 0B3E68CB28FCEB7800A18E13 /* AppDelegate.swift */; };
		0B3E68CE28FCEB7800A18E13 /* SceneDelegate.swift in Sources */ = {isa = PBXBuildFile; fileRef = 0B3E68CD28FCEB7800A18E13 /* SceneDelegate.swift */; };
		0B3E68D028FCEB7800A18E13 /* AViewController.swift in Sources */ = {isa = PBXBuildFile; fileRef = 0B3E68CF28FCEB7800A18E13 /* AViewController.swift */; };
		0B3E68D328FCEB7800A18E13 /* Main.storyboard in Resources */ = {isa = PBXBuildFile; fileRef = 0B3E68D128FCEB7800A18E13 /* Main.storyboard */; };
		0B3E68D528FCEB7900A18E13 /* Assets.xcassets in Resources */ = {isa = PBXBuildFile; fileRef = 0B3E68D428FCEB7900A18E13 /* Assets.xcassets */; };
		0B3E68D828FCEB7900A18E13 /* LaunchScreen.storyboard in Resources */ = {isa = PBXBuildFile; fileRef = 0B3E68D628FCEB7900A18E13 /* LaunchScreen.storyboard */; };
		0B3E68E328FCEB7900A18E13 /* home_workTests.swift in Sources */ = {isa = PBXBuildFile; fileRef = 0B3E68E228FCEB7900A18E13 /* home_workTests.swift */; };
		0B3E68ED28FCEB7900A18E13 /* home_workUITests.swift in Sources */ = {isa = PBXBuildFile; fileRef = 0B3E68EC28FCEB7900A18E13 /* home_workUITests.swift */; };
		0B3E68EF28FCEB7900A18E13 /* home_workUITestsLaunchTests.swift in Sources */ = {isa = PBXBuildFile; fileRef = 0B3E68EE28FCEB7900A18E13 /* home_workUITestsLaunchTests.swift */; };
		0BA0960F28FD2CCD0003F330 /* BViewController.swift in Sources */ = {isa = PBXBuildFile; fileRef = 0BA0960E28FD2CCD0003F330 /* BViewController.swift */; };
/* End PBXBuildFile section */

/* Begin PBXContainerItemProxy section */
		0B3E68DF28FCEB7900A18E13 /* PBXContainerItemProxy */ = {
			isa = PBXContainerItemProxy;
			containerPortal = 0B3E68C028FCEB7800A18E13 /* Project object */;
			proxyType = 1;
			remoteGlobalIDString = 0B3E68C728FCEB7800A18E13;
			remoteInfo = "home-work";
		};
		0B3E68E928FCEB7900A18E13 /* PBXContainerItemProxy */ = {
			isa = PBXContainerItemProxy;
			containerPortal = 0B3E68C028FCEB7800A18E13 /* Project object */;
			proxyType = 1;
			remoteGlobalIDString = 0B3E68C728FCEB7800A18E13;
			remoteInfo = "home-work";
		};
/* End PBXContainerItemProxy section */

/* Begin PBXFileReference section */
		0B3E68C828FCEB7800A18E13 /* home-work.app */ = {isa = PBXFileReference; explicitFileType = wrapper.application; includeInIndex = 0; path = "home-work.app"; sourceTree = BUILT_PRODUCTS_DIR; };
		0B3E68CB28FCEB7800A18E13 /* AppDelegate.swift */ = {isa = PBXFileReference; lastKnownFileType = sourcecode.swift; path = AppDelegate.swift; sourceTree = "<group>"; };
		0B3E68CD28FCEB7800A18E13 /* SceneDelegate.swift */ = {isa = PBXFileReference; lastKnownFileType = sourcecode.swift; path = SceneDelegate.swift; sourceTree = "<group>"; };
		0B3E68CF28FCEB7800A18E13 /* AViewController.swift */ = {isa = PBXFileReference; lastKnownFileType = sourcecode.swift; path = AViewController.swift; sourceTree = "<group>"; };
		0B3E68D228FCEB7800A18E13 /* Base */ = {isa = PBXFileReference; lastKnownFileType = file.storyboard; name = Base; path = Base.lproj/Main.storyboard; sourceTree = "<group>"; };
		0B3E68D428FCEB7900A18E13 /* Assets.xcassets */ = {isa = PBXFileReference; lastKnownFileType = folder.assetcatalog; path = Assets.xcassets; sourceTree = "<group>"; };
		0B3E68D728FCEB7900A18E13 /* Base */ = {isa = PBXFileReference; lastKnownFileType = file.storyboard; name = Base; path = Base.lproj/LaunchScreen.storyboard; sourceTree = "<group>"; };
		0B3E68D928FCEB7900A18E13 /* Info.plist */ = {isa = PBXFileReference; lastKnownFileType = text.plist.xml; path = Info.plist; sourceTree = "<group>"; };
		0B3E68DE28FCEB7900A18E13 /* home-workTests.xctest */ = {isa = PBXFileReference; explicitFileType = wrapper.cfbundle; includeInIndex = 0; path = "home-workTests.xctest"; sourceTree = BUILT_PRODUCTS_DIR; };
		0B3E68E228FCEB7900A18E13 /* home_workTests.swift */ = {isa = PBXFileReference; lastKnownFileType = sourcecode.swift; path = home_workTests.swift; sourceTree = "<group>"; };
		0B3E68E828FCEB7900A18E13 /* home-workUITests.xctest */ = {isa = PBXFileReference; explicitFileType = wrapper.cfbundle; includeInIndex = 0; path = "home-workUITests.xctest"; sourceTree = BUILT_PRODUCTS_DIR; };
		0B3E68EC28FCEB7900A18E13 /* home_workUITests.swift */ = {isa = PBXFileReference; lastKnownFileType = sourcecode.swift; path = home_workUITests.swift; sourceTree = "<group>"; };
		0B3E68EE28FCEB7900A18E13 /* home_workUITestsLaunchTests.swift */ = {isa = PBXFileReference; lastKnownFileType = sourcecode.swift; path = home_workUITestsLaunchTests.swift; sourceTree = "<group>"; };
		0BA0960E28FD2CCD0003F330 /* BViewController.swift */ = {isa = PBXFileReference; lastKnownFileType = sourcecode.swift; path = BViewController.swift; sourceTree = "<group>"; };
/* End PBXFileReference section */

/* Begin PBXFrameworksBuildPhase section */
		0B3E68C528FCEB7800A18E13 /* Frameworks */ = {
			isa = PBXFrameworksBuildPhase;
			buildActionMask = 2147483647;
			files = (
			);
			runOnlyForDeploymentPostprocessing = 0;
		};
		0B3E68DB28FCEB7900A18E13 /* Frameworks */ = {
			isa = PBXFrameworksBuildPhase;
			buildActionMask = 2147483647;
			files = (
			);
			runOnlyForDeploymentPostprocessing = 0;
		};
		0B3E68E528FCEB7900A18E13 /* Frameworks */ = {
			isa = PBXFrameworksBuildPhase;
			buildActionMask = 2147483647;
			files = (
			);
			runOnlyForDeploymentPostprocessing = 0;
		};
/* End PBXFrameworksBuildPhase section */

/* Begin PBXGroup section */
		0B3E68BF28FCEB7800A18E13 = {
			isa = PBXGroup;
			children = (
				0B3E68CA28FCEB7800A18E13 /* home-work */,
				0B3E68E128FCEB7900A18E13 /* home-workTests */,
				0B3E68EB28FCEB7900A18E13 /* home-workUITests */,
				0B3E68C928FCEB7800A18E13 /* Products */,
			);
			sourceTree = "<group>";
		};
		0B3E68C928FCEB7800A18E13 /* Products */ = {
			isa = PBXGroup;
			children = (
				0B3E68C828FCEB7800A18E13 /* home-work.app */,
				0B3E68DE28FCEB7900A18E13 /* home-workTests.xctest */,
				0B3E68E828FCEB7900A18E13 /* home-workUITests.xctest */,
			);
			name = Products;
			sourceTree = "<group>";
		};
		0B3E68CA28FCEB7800A18E13 /* home-work */ = {
			isa = PBXGroup;
			children = (
				0B3E68CB28FCEB7800A18E13 /* AppDelegate.swift */,
				0B3E68CD28FCEB7800A18E13 /* SceneDelegate.swift */,
				0B3E68CF28FCEB7800A18E13 /* AViewController.swift */,
				0B3E68D128FCEB7800A18E13 /* Main.storyboard */,
				0B3E68D428FCEB7900A18E13 /* Assets.xcassets */,
				0B3E68D628FCEB7900A18E13 /* LaunchScreen.storyboard */,
				0B3E68D928FCEB7900A18E13 /* Info.plist */,
				0BA0960E28FD2CCD0003F330 /* BViewController.swift */,
			);
			path = "home-work";
			sourceTree = "<group>";
		};
		0B3E68E128FCEB7900A18E13 /* home-workTests */ = {
			isa = PBXGroup;
			children = (
				0B3E68E228FCEB7900A18E13 /* home_workTests.swift */,
			);
			path = "home-workTests";
			sourceTree = "<group>";
		};
		0B3E68EB28FCEB7900A18E13 /* home-workUITests */ = {
			isa = PBXGroup;
			children = (
				0B3E68EC28FCEB7900A18E13 /* home_workUITests.swift */,
				0B3E68EE28FCEB7900A18E13 /* home_workUITestsLaunchTests.swift */,
			);
			path = "home-workUITests";
			sourceTree = "<group>";
		};
/* End PBXGroup section */

/* Begin PBXNativeTarget section */
		0B3E68C728FCEB7800A18E13 /* home-work */ = {
			isa = PBXNativeTarget;
			buildConfigurationList = 0B3E68F228FCEB7900A18E13 /* Build configuration list for PBXNativeTarget "home-work" */;
			buildPhases = (
				0B3E68C428FCEB7800A18E13 /* Sources */,
				0B3E68C528FCEB7800A18E13 /* Frameworks */,
				0B3E68C628FCEB7800A18E13 /* Resources */,
			);
			buildRules = (
			);
			dependencies = (
			);
			name = "home-work";
			productName = "home-work";
			productReference = 0B3E68C828FCEB7800A18E13 /* home-work.app */;
			productType = "com.apple.product-type.application";
		};
		0B3E68DD28FCEB7900A18E13 /* home-workTests */ = {
			isa = PBXNativeTarget;
			buildConfigurationList = 0B3E68F528FCEB7900A18E13 /* Build configuration list for PBXNativeTarget "home-workTests" */;
			buildPhases = (
				0B3E68DA28FCEB7900A18E13 /* Sources */,
				0B3E68DB28FCEB7900A18E13 /* Frameworks */,
				0B3E68DC28FCEB7900A18E13 /* Resources */,
			);
			buildRules = (
			);
			dependencies = (
				0B3E68E028FCEB7900A18E13 /* PBXTargetDependency */,
			);
			name = "home-workTests";
			productName = "home-workTests";
			productReference = 0B3E68DE28FCEB7900A18E13 /* home-workTests.xctest */;
			productType = "com.apple.product-type.bundle.unit-test";
		};
		0B3E68E728FCEB7900A18E13 /* home-workUITests */ = {
			isa = PBXNativeTarget;
			buildConfigurationList = 0B3E68F828FCEB7900A18E13 /* Build configuration list for PBXNativeTarget "home-workUITests" */;
			buildPhases = (
				0B3E68E428FCEB7900A18E13 /* Sources */,
				0B3E68E528FCEB7900A18E13 /* Frameworks */,
				0B3E68E628FCEB7900A18E13 /* Resources */,
			);
			buildRules = (
			);
			dependencies = (
				0B3E68EA28FCEB7900A18E13 /* PBXTargetDependency */,
			);
			name = "home-workUITests";
			productName = "home-workUITests";
			productReference = 0B3E68E828FCEB7900A18E13 /* home-workUITests.xctest */;
			productType = "com.apple.product-type.bundle.ui-testing";
		};
/* End PBXNativeTarget section */

/* Begin PBXProject section */
		0B3E68C028FCEB7800A18E13 /* Project object */ = {
			isa = PBXProject;
			attributes = {
				BuildIndependentTargetsInParallel = 1;
				LastSwiftUpdateCheck = 1400;
				LastUpgradeCheck = 1400;
				TargetAttributes = {
					0B3E68C728FCEB7800A18E13 = {
						CreatedOnToolsVersion = 14.0.1;
					};
					0B3E68DD28FCEB7900A18E13 = {
						CreatedOnToolsVersion = 14.0.1;
						TestTargetID = 0B3E68C728FCEB7800A18E13;
					};
					0B3E68E728FCEB7900A18E13 = {
						CreatedOnToolsVersion = 14.0.1;
						TestTargetID = 0B3E68C728FCEB7800A18E13;
					};
				};
			};
			buildConfigurationList = 0B3E68C328FCEB7800A18E13 /* Build configuration list for PBXProject "home-work" */;
			compatibilityVersion = "Xcode 14.0";
			developmentRegion = en;
			hasScannedForEncodings = 0;
			knownRegions = (
				en,
				Base,
			);
			mainGroup = 0B3E68BF28FCEB7800A18E13;
			productRefGroup = 0B3E68C928FCEB7800A18E13 /* Products */;
			projectDirPath = "";
			projectRoot = "";
			targets = (
				0B3E68C728FCEB7800A18E13 /* home-work */,
				0B3E68DD28FCEB7900A18E13 /* home-workTests */,
				0B3E68E728FCEB7900A18E13 /* home-workUITests */,
			);
		};
/* End PBXProject section */

/* Begin PBXResourcesBuildPhase section */
		0B3E68C628FCEB7800A18E13 /* Resources */ = {
			isa = PBXResourcesBuildPhase;
			buildActionMask = 2147483647;
			files = (
				0B3E68D828FCEB7900A18E13 /* LaunchScreen.storyboard in Resources */,
				0B3E68D528FCEB7900A18E13 /* Assets.xcassets in Resources */,
				0B3E68D328FCEB7800A18E13 /* Main.storyboard in Resources */,
			);
			runOnlyForDeploymentPostprocessing = 0;
		};
		0B3E68DC28FCEB7900A18E13 /* Resources */ = {
			isa = PBXResourcesBuildPhase;
			buildActionMask = 2147483647;
			files = (
			);
			runOnlyForDeploymentPostprocessing = 0;
		};
		0B3E68E628FCEB7900A18E13 /* Resources */ = {
			isa = PBXResourcesBuildPhase;
			buildActionMask = 2147483647;
			files = (
			);
			runOnlyForDeploymentPostprocessing = 0;
		};
/* End PBXResourcesBuildPhase section */

/* Begin PBXSourcesBuildPhase section */
		0B3E68C428FCEB7800A18E13 /* Sources */ = {
			isa = PBXSourcesBuildPhase;
			buildActionMask = 2147483647;
			files = (
				0B3E68D028FCEB7800A18E13 /* AViewController.swift in Sources */,
				0BA0960F28FD2CCD0003F330 /* BViewController.swift in Sources */,
				0B3E68CC28FCEB7800A18E13 /* AppDelegate.swift in Sources */,
				0B3E68CE28FCEB7800A18E13 /* SceneDelegate.swift in Sources */,
			);
			runOnlyForDeploymentPostprocessing = 0;
		};
		0B3E68DA28FCEB7900A18E13 /* Sources */ = {
			isa = PBXSourcesBuildPhase;
			buildActionMask = 2147483647;
			files = (
				0B3E68E328FCEB7900A18E13 /* home_workTests.swift in Sources */,
			);
			runOnlyForDeploymentPostprocessing = 0;
		};
		0B3E68E428FCEB7900A18E13 /* Sources */ = {
			isa = PBXSourcesBuildPhase;
			buildActionMask = 2147483647;
			files = (
				0B3E68EF28FCEB7900A18E13 /* home_workUITestsLaunchTests.swift in Sources */,
				0B3E68ED28FCEB7900A18E13 /* home_workUITests.swift in Sources */,
			);
			runOnlyForDeploymentPostprocessing = 0;
		};
/* End PBXSourcesBuildPhase section */

/* Begin PBXTargetDependency section */
		0B3E68E028FCEB7900A18E13 /* PBXTargetDependency */ = {
			isa = PBXTargetDependency;
			target = 0B3E68C728FCEB7800A18E13 /* home-work */;
			targetProxy = 0B3E68DF28FCEB7900A18E13 /* PBXContainerItemProxy */;
		};
		0B3E68EA28FCEB7900A18E13 /* PBXTargetDependency */ = {
			isa = PBXTargetDependency;
			target = 0B3E68C728FCEB7800A18E13 /* home-work */;
			targetProxy = 0B3E68E928FCEB7900A18E13 /* PBXContainerItemProxy */;
		};
/* End PBXTargetDependency section */

/* Begin PBXVariantGroup section */
		0B3E68D128FCEB7800A18E13 /* Main.storyboard */ = {
			isa = PBXVariantGroup;
			children = (
				0B3E68D228FCEB7800A18E13 /* Base */,
			);
			name = Main.storyboard;
			sourceTree = "<group>";
		};
		0B3E68D628FCEB7900A18E13 /* LaunchScreen.storyboard */ = {
			isa = PBXVariantGroup;
			children = (
				0B3E68D728FCEB7900A18E13 /* Base */,
			);
			name = LaunchScreen.storyboard;
			sourceTree = "<group>";
		};
/* End PBXVariantGroup section */

/* Begin XCBuildConfiguration section */
		0B3E68F028FCEB7900A18E13 /* Debug */ = {
			isa = XCBuildConfiguration;
			buildSettings = {
				ALWAYS_SEARCH_USER_PATHS = NO;
				CLANG_ANALYZER_NONNULL = YES;
				CLANG_ANALYZER_NUMBER_OBJECT_CONVERSION = YES_AGGRESSIVE;
				CLANG_CXX_LANGUAGE_STANDARD = "gnu++20";
				CLANG_ENABLE_MODULES = YES;
				CLANG_ENABLE_OBJC_ARC = YES;
				CLANG_ENABLE_OBJC_WEAK = YES;
				CLANG_WARN_BLOCK_CAPTURE_AUTORELEASING = YES;
				CLANG_WARN_BOOL_CONVERSION = YES;
				CLANG_WARN_COMMA = YES;
				CLANG_WARN_CONSTANT_CONVERSION = YES;
				CLANG_WARN_DEPRECATED_OBJC_IMPLEMENTATIONS = YES;
				CLANG_WARN_DIRECT_OBJC_ISA_USAGE = YES_ERROR;
				CLANG_WARN_DOCUMENTATION_COMMENTS = YES;
				CLANG_WARN_EMPTY_BODY = YES;
				CLANG_WARN_ENUM_CONVERSION = YES;
				CLANG_WARN_INFINITE_RECURSION = YES;
				CLANG_WARN_INT_CONVERSION = YES;
				CLANG_WARN_NON_LITERAL_NULL_CONVERSION = YES;
				CLANG_WARN_OBJC_IMPLICIT_RETAIN_SELF = YES;
				CLANG_WARN_OBJC_LITERAL_CONVERSION = YES;
				CLANG_WARN_OBJC_ROOT_CLASS = YES_ERROR;
				CLANG_WARN_QUOTED_INCLUDE_IN_FRAMEWORK_HEADER = YES;
				CLANG_WARN_RANGE_LOOP_ANALYSIS = YES;
				CLANG_WARN_STRICT_PROTOTYPES = YES;
				CLANG_WARN_SUSPICIOUS_MOVE = YES;
				CLANG_WARN_UNGUARDED_AVAILABILITY = YES_AGGRESSIVE;
				CLANG_WARN_UNREACHABLE_CODE = YES;
				CLANG_WARN__DUPLICATE_METHOD_MATCH = YES;
				COPY_PHASE_STRIP = NO;
				DEBUG_INFORMATION_FORMAT = dwarf;
				ENABLE_STRICT_OBJC_MSGSEND = YES;
				ENABLE_TESTABILITY = YES;
				GCC_C_LANGUAGE_STANDARD = gnu11;
				GCC_DYNAMIC_NO_PIC = NO;
				GCC_NO_COMMON_BLOCKS = YES;
				GCC_OPTIMIZATION_LEVEL = 0;
				GCC_PREPROCESSOR_DEFINITIONS = (
					"DEBUG=1",
					"$(inherited)",
				);
				GCC_WARN_64_TO_32_BIT_CONVERSION = YES;
				GCC_WARN_ABOUT_RETURN_TYPE = YES_ERROR;
				GCC_WARN_UNDECLARED_SELECTOR = YES;
				GCC_WARN_UNINITIALIZED_AUTOS = YES_AGGRESSIVE;
				GCC_WARN_UNUSED_FUNCTION = YES;
				GCC_WARN_UNUSED_VARIABLE = YES;
				IPHONEOS_DEPLOYMENT_TARGET = 16.0;
				MTL_ENABLE_DEBUG_INFO = INCLUDE_SOURCE;
				MTL_FAST_MATH = YES;
				ONLY_ACTIVE_ARCH = YES;
				SDKROOT = iphoneos;
				SWIFT_ACTIVE_COMPILATION_CONDITIONS = DEBUG;
				SWIFT_OPTIMIZATION_LEVEL = "-Onone";
			};
			name = Debug;
		};
		0B3E68F128FCEB7900A18E13 /* Release */ = {
			isa = XCBuildConfiguration;
			buildSettings = {
				ALWAYS_SEARCH_USER_PATHS = NO;
				CLANG_ANALYZER_NONNULL = YES;
				CLANG_ANALYZER_NUMBER_OBJECT_CONVERSION = YES_AGGRESSIVE;
				CLANG_CXX_LANGUAGE_STANDARD = "gnu++20";
				CLANG_ENABLE_MODULES = YES;
				CLANG_ENABLE_OBJC_ARC = YES;
				CLANG_ENABLE_OBJC_WEAK = YES;
				CLANG_WARN_BLOCK_CAPTURE_AUTORELEASING = YES;
				CLANG_WARN_BOOL_CONVERSION = YES;
				CLANG_WARN_COMMA = YES;
				CLANG_WARN_CONSTANT_CONVERSION = YES;
				CLANG_WARN_DEPRECATED_OBJC_IMPLEMENTATIONS = YES;
				CLANG_WARN_DIRECT_OBJC_ISA_USAGE = YES_ERROR;
				CLANG_WARN_DOCUMENTATION_COMMENTS = YES;
				CLANG_WARN_EMPTY_BODY = YES;
				CLANG_WARN_ENUM_CONVERSION = YES;
				CLANG_WARN_INFINITE_RECURSION = YES;
				CLANG_WARN_INT_CONVERSION = YES;
				CLANG_WARN_NON_LITERAL_NULL_CONVERSION = YES;
				CLANG_WARN_OBJC_IMPLICIT_RETAIN_SELF = YES;
				CLANG_WARN_OBJC_LITERAL_CONVERSION = YES;
				CLANG_WARN_OBJC_ROOT_CLASS = YES_ERROR;
				CLANG_WARN_QUOTED_INCLUDE_IN_FRAMEWORK_HEADER = YES;
				CLANG_WARN_RANGE_LOOP_ANALYSIS = YES;
				CLANG_WARN_STRICT_PROTOTYPES = YES;
				CLANG_WARN_SUSPICIOUS_MOVE = YES;
				CLANG_WARN_UNGUARDED_AVAILABILITY = YES_AGGRESSIVE;
				CLANG_WARN_UNREACHABLE_CODE = YES;
				CLANG_WARN__DUPLICATE_METHOD_MATCH = YES;
				COPY_PHASE_STRIP = NO;
				DEBUG_INFORMATION_FORMAT = "dwarf-with-dsym";
				ENABLE_NS_ASSERTIONS = NO;
				ENABLE_STRICT_OBJC_MSGSEND = YES;
				GCC_C_LANGUAGE_STANDARD = gnu11;
				GCC_NO_COMMON_BLOCKS = YES;
				GCC_WARN_64_TO_32_BIT_CONVERSION = YES;
				GCC_WARN_ABOUT_RETURN_TYPE = YES_ERROR;
				GCC_WARN_UNDECLARED_SELECTOR = YES;
				GCC_WARN_UNINITIALIZED_AUTOS = YES_AGGRESSIVE;
				GCC_WARN_UNUSED_FUNCTION = YES;
				GCC_WARN_UNUSED_VARIABLE = YES;
				IPHONEOS_DEPLOYMENT_TARGET = 16.0;
				MTL_ENABLE_DEBUG_INFO = NO;
				MTL_FAST_MATH = YES;
				SDKROOT = iphoneos;
				SWIFT_COMPILATION_MODE = wholemodule;
				SWIFT_OPTIMIZATION_LEVEL = "-O";
				VALIDATE_PRODUCT = YES;
			};
			name = Release;
		};
		0B3E68F328FCEB7900A18E13 /* Debug */ = {
			isa = XCBuildConfiguration;
			buildSettings = {
				ASSETCATALOG_COMPILER_APPICON_NAME = AppIcon;
				ASSETCATALOG_COMPILER_GLOBAL_ACCENT_COLOR_NAME = AccentColor;
				CODE_SIGN_STYLE = Automatic;
				CURRENT_PROJECT_VERSION = 1;
				GENERATE_INFOPLIST_FILE = YES;
				INFOPLIST_FILE = "home-work/Info.plist";
				INFOPLIST_KEY_UIApplicationSupportsIndirectInputEvents = YES;
				INFOPLIST_KEY_UILaunchStoryboardName = LaunchScreen;
				INFOPLIST_KEY_UIMainStoryboardFile = Main;
				INFOPLIST_KEY_UISupportedInterfaceOrientations_iPad = "UIInterfaceOrientationPortrait UIInterfaceOrientationPortraitUpsideDown UIInterfaceOrientationLandscapeLeft UIInterfaceOrientationLandscapeRight";
				INFOPLIST_KEY_UISupportedInterfaceOrientations_iPhone = "UIInterfaceOrientationPortrait UIInterfaceOrientationLandscapeLeft UIInterfaceOrientationLandscapeRight";
				LD_RUNPATH_SEARCH_PATHS = (
					"$(inherited)",
					"@executable_path/Frameworks",
				);
				MARKETING_VERSION = 1.0;
				PRODUCT_BUNDLE_IDENTIFIER = "home-work.home-work";
				PRODUCT_NAME = "$(TARGET_NAME)";
				SWIFT_EMIT_LOC_STRINGS = YES;
				SWIFT_VERSION = 5.0;
				TARGETED_DEVICE_FAMILY = "1,2";
			};
			name = Debug;
		};
		0B3E68F428FCEB7900A18E13 /* Release */ = {
			isa = XCBuildConfiguration;
			buildSettings = {
				ASSETCATALOG_COMPILER_APPICON_NAME = AppIcon;
				ASSETCATALOG_COMPILER_GLOBAL_ACCENT_COLOR_NAME = AccentColor;
				CODE_SIGN_STYLE = Automatic;
				CURRENT_PROJECT_VERSION = 1;
				GENERATE_INFOPLIST_FILE = YES;
				INFOPLIST_FILE = "home-work/Info.plist";
				INFOPLIST_KEY_UIApplicationSupportsIndirectInputEvents = YES;
				INFOPLIST_KEY_UILaunchStoryboardName = LaunchScreen;
				INFOPLIST_KEY_UIMainStoryboardFile = Main;
				INFOPLIST_KEY_UISupportedInterfaceOrientations_iPad = "UIInterfaceOrientationPortrait UIInterfaceOrientationPortraitUpsideDown UIInterfaceOrientationLandscapeLeft UIInterfaceOrientationLandscapeRight";
				INFOPLIST_KEY_UISupportedInterfaceOrientations_iPhone = "UIInterfaceOrientationPortrait UIInterfaceOrientationLandscapeLeft UIInterfaceOrientationLandscapeRight";
				LD_RUNPATH_SEARCH_PATHS = (
					"$(inherited)",
					"@executable_path/Frameworks",
				);
				MARKETING_VERSION = 1.0;
				PRODUCT_BUNDLE_IDENTIFIER = "home-work.home-work";
				PRODUCT_NAME = "$(TARGET_NAME)";
				SWIFT_EMIT_LOC_STRINGS = YES;
				SWIFT_VERSION = 5.0;
				TARGETED_DEVICE_FAMILY = "1,2";
			};
			name = Release;
		};
		0B3E68F628FCEB7900A18E13 /* Debug */ = {
			isa = XCBuildConfiguration;
			buildSettings = {
				ALWAYS_EMBED_SWIFT_STANDARD_LIBRARIES = YES;
				BUNDLE_LOADER = "$(TEST_HOST)";
				CODE_SIGN_STYLE = Automatic;
				CURRENT_PROJECT_VERSION = 1;
				GENERATE_INFOPLIST_FILE = YES;
				IPHONEOS_DEPLOYMENT_TARGET = 16.0;
				MARKETING_VERSION = 1.0;
				PRODUCT_BUNDLE_IDENTIFIER = "home-work.home-workTests";
				PRODUCT_NAME = "$(TARGET_NAME)";
				SWIFT_EMIT_LOC_STRINGS = NO;
				SWIFT_VERSION = 5.0;
				TARGETED_DEVICE_FAMILY = "1,2";
				TEST_HOST = "$(BUILT_PRODUCTS_DIR)/home-work.app/$(BUNDLE_EXECUTABLE_FOLDER_PATH)/home-work";
			};
			name = Debug;
		};
		0B3E68F728FCEB7900A18E13 /* Release */ = {
			isa = XCBuildConfiguration;
			buildSettings = {
				ALWAYS_EMBED_SWIFT_STANDARD_LIBRARIES = YES;
				BUNDLE_LOADER = "$(TEST_HOST)";
				CODE_SIGN_STYLE = Automatic;
				CURRENT_PROJECT_VERSION = 1;
				GENERATE_INFOPLIST_FILE = YES;
				IPHONEOS_DEPLOYMENT_TARGET = 16.0;
				MARKETING_VERSION = 1.0;
				PRODUCT_BUNDLE_IDENTIFIER = "home-work.home-workTests";
				PRODUCT_NAME = "$(TARGET_NAME)";
				SWIFT_EMIT_LOC_STRINGS = NO;
				SWIFT_VERSION = 5.0;
				TARGETED_DEVICE_FAMILY = "1,2";
				TEST_HOST = "$(BUILT_PRODUCTS_DIR)/home-work.app/$(BUNDLE_EXECUTABLE_FOLDER_PATH)/home-work";
			};
			name = Release;
		};
		0B3E68F928FCEB7900A18E13 /* Debug */ = {
			isa = XCBuildConfiguration;
			buildSettings = {
				ALWAYS_EMBED_SWIFT_STANDARD_LIBRARIES = YES;
				CODE_SIGN_STYLE = Automatic;
				CURRENT_PROJECT_VERSION = 1;
				GENERATE_INFOPLIST_FILE = YES;
				MARKETING_VERSION = 1.0;
				PRODUCT_BUNDLE_IDENTIFIER = "home-work.home-workUITests";
				PRODUCT_NAME = "$(TARGET_NAME)";
				SWIFT_EMIT_LOC_STRINGS = NO;
				SWIFT_VERSION = 5.0;
				TARGETED_DEVICE_FAMILY = "1,2";
				TEST_TARGET_NAME = "home-work";
			};
			name = Debug;
		};
		0B3E68FA28FCEB7900A18E13 /* Release */ = {
			isa = XCBuildConfiguration;
			buildSettings = {
				ALWAYS_EMBED_SWIFT_STANDARD_LIBRARIES = YES;
				CODE_SIGN_STYLE = Automatic;
				CURRENT_PROJECT_VERSION = 1;
				GENERATE_INFOPLIST_FILE = YES;
				MARKETING_VERSION = 1.0;
				PRODUCT_BUNDLE_IDENTIFIER = "home-work.home-workUITests";
				PRODUCT_NAME = "$(TARGET_NAME)";
				SWIFT_EMIT_LOC_STRINGS = NO;
				SWIFT_VERSION = 5.0;
				TARGETED_DEVICE_FAMILY = "1,2";
				TEST_TARGET_NAME = "home-work";
			};
			name = Release;
		};
/* End XCBuildConfiguration section */

/* Begin XCConfigurationList section */
		0B3E68C328FCEB7800A18E13 /* Build configuration list for PBXProject "home-work" */ = {
			isa = XCConfigurationList;
			buildConfigurations = (
				0B3E68F028FCEB7900A18E13 /* Debug */,
				0B3E68F128FCEB7900A18E13 /* Release */,
			);
			defaultConfigurationIsVisible = 0;
			defaultConfigurationName = Release;
		};
		0B3E68F228FCEB7900A18E13 /* Build configuration list for PBXNativeTarget "home-work" */ = {
			isa = XCConfigurationList;
			buildConfigurations = (
				0B3E68F328FCEB7900A18E13 /* Debug */,
				0B3E68F428FCEB7900A18E13 /* Release */,
			);
			defaultConfigurationIsVisible = 0;
			defaultConfigurationName = Release;
		};
		0B3E68F528FCEB7900A18E13 /* Build configuration list for PBXNativeTarget "home-workTests" */ = {
			isa = XCConfigurationList;
			buildConfigurations = (
				0B3E68F628FCEB7900A18E13 /* Debug */,
				0B3E68F728FCEB7900A18E13 /* Release */,
			);
			defaultConfigurationIsVisible = 0;
			defaultConfigurationName = Release;
		};
		0B3E68F828FCEB7900A18E13 /* Build configuration list for PBXNativeTarget "home-workUITests" */ = {
			isa = XCConfigurationList;
			buildConfigurations = (
				0B3E68F928FCEB7900A18E13 /* Debug */,
				0B3E68FA28FCEB7900A18E13 /* Release */,
			);
			defaultConfigurationIsVisible = 0;
			defaultConfigurationName = Release;
		};
/* End XCConfigurationList section */
	};
	rootObject = 0B3E68C028FCEB7800A18E13 /* Project object */;
}
